
Microsoft Visual Studio Solution File, Format Version 12.00
# Visual Studio Version 17
VisualStudioVersion = 17.9.34723.18
MinimumVisualStudioVersion = 10.0.40219.1
Project("{9A19103F-16F7-4668-BE54-9A1E7A4F7556}") = "FBI", "FBI.csproj", "{94E4252F-9243-47FC-9BA5-6760AC1AB987}"
EndProject
Project("{8BC9CEB8-8B4A-11D0-8D11-00A0C91BC942}") = "ForceBindIP", "ForceBindIP\ForceBindIP.vcxproj", "{D2B051D3-BA8D-4CD3-BB64-88D4D9E85813}"
EndProject
Project("{8BC9CEB8-8B4A-11D0-8D11-00A0C91BC942}") = "ForceBindIPDLL", "ForceBindIPDLL\ForceBindIPDLL.vcxproj", "{D2B051D3-BA8D-4CD3-BB64-88D4D9E85814}"
EndProject
Project("{8BC9CEB8-8B4A-11D0-8D11-00A0C91BC942}") = "TestAppNative", "TestAppNative\TestAppNative.vcxproj", "{A8ACE348-CA4C-4549-8405-3FEBFFB262E1}"
EndProject
Global
	GlobalSection(SolutionConfigurationPlatforms) = preSolution
		Debug|Any CPU = Debug|Any CPU
		Debug|x64 = Debug|x64
		Debug|x86 = Debug|x86
		Release|Any CPU = Release|Any CPU
		Release|x64 = Release|x64
		Release|x86 = Release|x86
	EndGlobalSection
	GlobalSection(ProjectConfigurationPlatforms) = postSolution
		{94E4252F-9243-47FC-9BA5-6760AC1AB987}.Debug|Any CPU.ActiveCfg = Debug|x64
		{94E4252F-9243-47FC-9BA5-6760AC1AB987}.Debug|Any CPU.Build.0 = Debug|x64
		{94E4252F-9243-47FC-9BA5-6760AC1AB987}.Debug|x64.ActiveCfg = Debug|x64
		{94E4252F-9243-47FC-9BA5-6760AC1AB987}.Debug|x64.Build.0 = Debug|x64
		{94E4252F-9243-47FC-9BA5-6760AC1AB987}.Debug|x86.ActiveCfg = Debug|Any CPU
		{94E4252F-9243-47FC-9BA5-6760AC1AB987}.Debug|x86.Build.0 = Debug|Any CPU
		{94E4252F-9243-47FC-9BA5-6760AC1AB987}.Release|Any CPU.ActiveCfg = Release|Any CPU
		{94E4252F-9243-47FC-9BA5-6760AC1AB987}.Release|Any CPU.Build.0 = Release|Any CPU
		{94E4252F-9243-47FC-9BA5-6760AC1AB987}.Release|x64.ActiveCfg = Release|Any CPU
		{94E4252F-9243-47FC-9BA5-6760AC1AB987}.Release|x64.Build.0 = Release|Any CPU
		{94E4252F-9243-47FC-9BA5-6760AC1AB987}.Release|x86.ActiveCfg = Release|Any CPU
		{94E4252F-9243-47FC-9BA5-6760AC1AB987}.Release|x86.Build.0 = Release|Any CPU
		{D2B051D3-BA8D-4CD3-BB64-88D4D9E85813}.Debug|Any CPU.ActiveCfg = Debug|x64
		{D2B051D3-BA8D-4CD3-BB64-88D4D9E85813}.Debug|Any CPU.Build.0 = Debug|x64
		{D2B051D3-BA8D-4CD3-BB64-88D4D9E85813}.Debug|x64.ActiveCfg = Debug|x64
		{D2B051D3-BA8D-4CD3-BB64-88D4D9E85813}.Debug|x64.Build.0 = Debug|x64
		{D2B051D3-BA8D-4CD3-BB64-88D4D9E85813}.Debug|x86.ActiveCfg = Debug|Win32
		{D2B051D3-BA8D-4CD3-BB64-88D4D9E85813}.Debug|x86.Build.0 = Debug|Win32
		{D2B051D3-BA8D-4CD3-BB64-88D4D9E85813}.Release|Any CPU.ActiveCfg = Release|x64
		{D2B051D3-BA8D-4CD3-BB64-88D4D9E85813}.Release|Any CPU.Build.0 = Release|x64
		{D2B051D3-BA8D-4CD3-BB64-88D4D9E85813}.Release|x64.ActiveCfg = Release|x64
		{D2B051D3-BA8D-4CD3-BB64-88D4D9E85813}.Release|x64.Build.0 = Release|x64
		{D2B051D3-BA8D-4CD3-BB64-88D4D9E85813}.Release|x86.ActiveCfg = Release|Win32
		{D2B051D3-BA8D-4CD3-BB64-88D4D9E85813}.Release|x86.Build.0 = Release|Win32
		{D2B051D3-BA8D-4CD3-BB64-88D4D9E85814}.Debug|Any CPU.ActiveCfg = Debug|x64
		{D2B051D3-BA8D-4CD3-BB64-88D4D9E85814}.Debug|Any CPU.Build.0 = Debug|x64
		{D2B051D3-BA8D-4CD3-BB64-88D4D9E85814}.Debug|x64.ActiveCfg = Debug|x64
		{D2B051D3-BA8D-4CD3-BB64-88D4D9E85814}.Debug|x64.Build.0 = Debug|x64
		{D2B051D3-BA8D-4CD3-BB64-88D4D9E85814}.Debug|x86.ActiveCfg = Debug|Win32
		{D2B051D3-BA8D-4CD3-BB64-88D4D9E85814}.Debug|x86.Build.0 = Debug|Win32
		{D2B051D3-BA8D-4CD3-BB64-88D4D9E85814}.Release|Any CPU.ActiveCfg = Release|x64
		{D2B051D3-BA8D-4CD3-BB64-88D4D9E85814}.Release|Any CPU.Build.0 = Release|x64
		{D2B051D3-BA8D-4CD3-BB64-88D4D9E85814}.Release|x64.ActiveCfg = Release|x64
		{D2B051D3-BA8D-4CD3-BB64-88D4D9E85814}.Release|x64.Build.0 = Release|x64
		{D2B051D3-BA8D-4CD3-BB64-88D4D9E85814}.Release|x86.ActiveCfg = Release|Win32
		{D2B051D3-BA8D-4CD3-BB64-88D4D9E85814}.Release|x86.Build.0 = Release|Win32
		{A8ACE348-CA4C-4549-8405-3FEBFFB262E1}.Debug|Any CPU.ActiveCfg = Debug|x64
		{A8ACE348-CA4C-4549-8405-3FEBFFB262E1}.Debug|Any CPU.Build.0 = Debug|x64
		{A8ACE348-CA4C-4549-8405-3FEBFFB262E1}.Debug|x64.ActiveCfg = Debug|x64
		{A8ACE348-CA4C-4549-8405-3FEBFFB262E1}.Debug|x64.Build.0 = Debug|x64
		{A8ACE348-CA4C-4549-8405-3FEBFFB262E1}.Debug|x86.ActiveCfg = Debug|Win32
		{A8ACE348-CA4C-4549-8405-3FEBFFB262E1}.Debug|x86.Build.0 = Debug|Win32
		{A8ACE348-CA4C-4549-8405-3FEBFFB262E1}.Release|Any CPU.ActiveCfg = Release|x64
		{A8ACE348-CA4C-4549-8405-3FEBFFB262E1}.Release|Any CPU.Build.0 = Release|x64
		{A8ACE348-CA4C-4549-8405-3FEBFFB262E1}.Release|x64.ActiveCfg = Release|x64
		{A8ACE348-CA4C-4549-8405-3FEBFFB262E1}.Release|x64.Build.0 = Release|x64
		{A8ACE348-CA4C-4549-8405-3FEBFFB262E1}.Release|x86.ActiveCfg = Release|Win32
		{A8ACE348-CA4C-4549-8405-3FEBFFB262E1}.Release|x86.Build.0 = Release|Win32
	EndGlobalSection
	GlobalSection(SolutionProperties) = preSolution
		HideSolutionNode = FALSE
	EndGlobalSection
	GlobalSection(ExtensibilityGlobals) = postSolution
		SolutionGuid = {2440348D-099B-429C-A71A-F139D3A9DE0E}
	EndGlobalSection
EndGlobal
